
Microsoft Visual Studio Solution File, Format Version 12.00
# Visual Studio 14
VisualStudioVersion = 14.0.25420.1
MinimumVisualStudioVersion = 10.0.40219.1
Project("{FAE04EC0-301F-11D3-BF4B-00C04F79EFBC}") = "CapacityManagerMain", "CapacityManagerMain\CapacityManagerMain.csproj", "{99F366DB-0767-44CE-A3A4-15A66D9EA650}"
EndProject
Project("{FAE04EC0-301F-11D3-BF4B-00C04F79EFBC}") = "CapacityManagerService", "CapacityManagerService\CapacityManagerService.csproj", "{41D4DD8C-7863-43CE-A87E-D0680E54FAF5}"
EndProject
Global
	GlobalSection(SolutionConfigurationPlatforms) = preSolution
		Debug|Any CPU = Debug|Any CPU
		Release|Any CPU = Release|Any CPU
	EndGlobalSection
	GlobalSection(ProjectConfigurationPlatforms) = postSolution
		{99F366DB-0767-44CE-A3A4-15A66D9EA650}.Debug|Any CPU.ActiveCfg = Debug|Any CPU
		{99F366DB-0767-44CE-A3A4-15A66D9EA650}.Debug|Any CPU.Build.0 = Debug|Any CPU
		{99F366DB-0767-44CE-A3A4-15A66D9EA650}.Release|Any CPU.ActiveCfg = Release|Any CPU
		{99F366DB-0767-44CE-A3A4-15A66D9EA650}.Release|Any CPU.Build.0 = Release|Any CPU
		{41D4DD8C-7863-43CE-A87E-D0680E54FAF5}.Debug|Any CPU.ActiveCfg = Debug|Any CPU
		{41D4DD8C-7863-43CE-A87E-D0680E54FAF5}.Debug|Any CPU.Build.0 = Debug|Any CPU
		{41D4DD8C-7863-43CE-A87E-D0680E54FAF5}.Release|Any CPU.ActiveCfg = Release|Any CPU
		{41D4DD8C-7863-43CE-A87E-D0680E54FAF5}.Release|Any CPU.Build.0 = Release|Any CPU
	EndGlobalSection
	GlobalSection(SolutionProperties) = preSolution
		HideSolutionNode = FALSE
	EndGlobalSection
EndGlobal
